
Microsoft Visual Studio Solution File, Format Version 12.00
# Visual Studio 14
VisualStudioVersion = 14.0.23107.0
MinimumVisualStudioVersion = 10.0.40219.1
Project("{FAE04EC0-301F-11D3-BF4B-00C04F79EFBC}") = "Application.User.Authentication", "Application.User.Authentication\Application.User.Authentication.csproj", "{089A1646-82C6-4D4A-8546-C7F9F74910A6}"
EndProject
Project("{FAE04EC0-301F-11D3-BF4B-00C04F79EFBC}") = "Application.Repository", "Application.Repository\Application.Repository.csproj", "{2185B17F-DB3C-4D17-8D95-4A54433090B2}"
EndProject
Project("{FAE04EC0-301F-11D3-BF4B-00C04F79EFBC}") = "BusinessEntity", "BusinessEntity\BusinessEntity.csproj", "{199E85F4-C388-4528-869C-373FAF39C1B6}"
EndProject
Global
	GlobalSection(SolutionConfigurationPlatforms) = preSolution
		Debug|Any CPU = Debug|Any CPU
		Release|Any CPU = Release|Any CPU
	EndGlobalSection
	GlobalSection(ProjectConfigurationPlatforms) = postSolution
		{089A1646-82C6-4D4A-8546-C7F9F74910A6}.Debug|Any CPU.ActiveCfg = Debug|Any CPU
		{089A1646-82C6-4D4A-8546-C7F9F74910A6}.Debug|Any CPU.Build.0 = Debug|Any CPU
		{089A1646-82C6-4D4A-8546-C7F9F74910A6}.Release|Any CPU.ActiveCfg = Release|Any CPU
		{089A1646-82C6-4D4A-8546-C7F9F74910A6}.Release|Any CPU.Build.0 = Release|Any CPU
		{2185B17F-DB3C-4D17-8D95-4A54433090B2}.Debug|Any CPU.ActiveCfg = Debug|Any CPU
		{2185B17F-DB3C-4D17-8D95-4A54433090B2}.Debug|Any CPU.Build.0 = Debug|Any CPU
		{2185B17F-DB3C-4D17-8D95-4A54433090B2}.Release|Any CPU.ActiveCfg = Release|Any CPU
		{2185B17F-DB3C-4D17-8D95-4A54433090B2}.Release|Any CPU.Build.0 = Release|Any CPU
		{199E85F4-C388-4528-869C-373FAF39C1B6}.Debug|Any CPU.ActiveCfg = Debug|Any CPU
		{199E85F4-C388-4528-869C-373FAF39C1B6}.Debug|Any CPU.Build.0 = Debug|Any CPU
		{199E85F4-C388-4528-869C-373FAF39C1B6}.Release|Any CPU.ActiveCfg = Release|Any CPU
		{199E85F4-C388-4528-869C-373FAF39C1B6}.Release|Any CPU.Build.0 = Release|Any CPU
	EndGlobalSection
	GlobalSection(SolutionProperties) = preSolution
		HideSolutionNode = FALSE
	EndGlobalSection
EndGlobal
